Microsoft Visual Studio Solution File, Format Version 12.00
# Visual Studio Version 17
VisualStudioVersion = 17.0.31912.275
MinimumVisualStudioVersion = 10.0.40219.1
Project("{FAE04EC0-301F-11D3-BF4B-00C04F79EFBC}") = "TelemetryGenerator.Core", "TelemetryGenerator.Core\TelemetryGenerator.Core.csproj", "{6EAE0AA2-1F3F-4C86-AF3A-4A2E7F8F6D26}"
EndProject
Project("{FAE04EC0-301F-11D3-BF4B-00C04F79EFBC}") = "TelemetryGenerator.Cli", "TelemetryGenerator.Cli\TelemetryGenerator.Cli.csproj", "{37614F0C-6AC2-447A-BFA7-48FC1AA6A7C0}"
EndProject
Project("{FAE04EC0-301F-11D3-BF4B-00C04F79EFBC}") = "TelemetryGenerator.DataQualityChecker", "TelemetryGenerator.DataQualityChecker\TelemetryGenerator.DataQualityChecker.csproj", "{E520BFDA-8118-409A-8B43-26F1F8813438}"
EndProject
Project("{FAE04EC0-301F-11D3-BF4B-00C04F79EFBC}") = "AI.Training", "AI.Training\AI.Training.csproj", "{97F566D6-5D7D-4087-8C08-6500CB1C5B0A}"
EndProject
Project("{FAE04EC0-301F-11D3-BF4B-00C04F79EFBC}") = "PipelineRunner", "PipelineRunner\PipelineRunner.csproj", "{D4F3C925-5E07-4DB8-B027-1AD4709019BD}"
EndProject
Project("{FAE04EC0-301F-11D3-BF4B-00C04F79EFBC}") = "TelemetryGenerator.Generation", "TelemetryGenerator.Generation\TelemetryGenerator.Generation.csproj", "{638058B8-A535-4709-AAD2-B47124CC2EDC}"
EndProject
Project("{FAE04EC0-301F-11D3-BF4B-00C04F79EFBC}") = "TelemetryGenerator.Generation.Tests", "TelemetryGenerator.Generation.Tests\TelemetryGenerator.Generation.Tests.csproj", "{10CDC5C1-CCDE-4FB4-9B3B-7FF9856E3732}"
EndProject
Global
	GlobalSection(SolutionConfigurationPlatforms) = preSolution
		Debug|Any CPU = Debug|Any CPU
		Release|Any CPU = Release|Any CPU
	EndGlobalSection
	GlobalSection(ProjectConfigurationPlatforms) = postSolution
		{6EAE0AA2-1F3F-4C86-AF3A-4A2E7F8F6D26}.Debug|Any CPU.ActiveCfg = Debug|Any CPU
		{6EAE0AA2-1F3F-4C86-AF3A-4A2E7F8F6D26}.Debug|Any CPU.Build.0 = Debug|Any CPU
		{6EAE0AA2-1F3F-4C86-AF3A-4A2E7F8F6D26}.Release|Any CPU.ActiveCfg = Release|Any CPU
		{6EAE0AA2-1F3F-4C86-AF3A-4A2E7F8F6D26}.Release|Any CPU.Build.0 = Release|Any CPU
		{37614F0C-6AC2-447A-BFA7-48FC1AA6A7C0}.Debug|Any CPU.ActiveCfg = Debug|Any CPU
		{37614F0C-6AC2-447A-BFA7-48FC1AA6A7C0}.Debug|Any CPU.Build.0 = Debug|Any CPU
		{37614F0C-6AC2-447A-BFA7-48FC1AA6A7C0}.Release|Any CPU.ActiveCfg = Release|Any CPU
		{37614F0C-6AC2-447A-BFA7-48FC1AA6A7C0}.Release|Any CPU.Build.0 = Release|Any CPU
		{E520BFDA-8118-409A-8B43-26F1F8813438}.Debug|Any CPU.ActiveCfg = Debug|Any CPU
		{E520BFDA-8118-409A-8B43-26F1F8813438}.Debug|Any CPU.Build.0 = Debug|Any CPU
		{E520BFDA-8118-409A-8B43-26F1F8813438}.Release|Any CPU.ActiveCfg = Release|Any CPU
		{E520BFDA-8118-409A-8B43-26F1F8813438}.Release|Any CPU.Build.0 = Release|Any CPU
		{97F566D6-5D7D-4087-8C08-6500CB1C5B0A}.Debug|Any CPU.ActiveCfg = Debug|Any CPU
		{97F566D6-5D7D-4087-8C08-6500CB1C5B0A}.Debug|Any CPU.Build.0 = Debug|Any CPU
		{97F566D6-5D7D-4087-8C08-6500CB1C5B0A}.Release|Any CPU.ActiveCfg = Release|Any CPU
		{97F566D6-5D7D-4087-8C08-6500CB1C5B0A}.Release|Any CPU.Build.0 = Release|Any CPU
		{D4F3C925-5E07-4DB8-B027-1AD4709019BD}.Debug|Any CPU.ActiveCfg = Debug|Any CPU
		{D4F3C925-5E07-4DB8-B027-1AD4709019BD}.Debug|Any CPU.Build.0 = Debug|Any CPU
		{D4F3C925-5E07-4DB8-B027-1AD4709019BD}.Release|Any CPU.ActiveCfg = Release|Any CPU
		{D4F3C925-5E07-4DB8-B027-1AD4709019BD}.Release|Any CPU.Build.0 = Release|Any CPU
		{638058B8-A535-4709-AAD2-B47124CC2EDC}.Debug|Any CPU.ActiveCfg = Debug|Any CPU
		{638058B8-A535-4709-AAD2-B47124CC2EDC}.Debug|Any CPU.Build.0 = Debug|Any CPU
		{638058B8-A535-4709-AAD2-B47124CC2EDC}.Release|Any CPU.ActiveCfg = Release|Any CPU
		{638058B8-A535-4709-AAD2-B47124CC2EDC}.Release|Any CPU.Build.0 = Release|Any CPU
		{10CDC5C1-CCDE-4FB4-9B3B-7FF9856E3732}.Debug|Any CPU.ActiveCfg = Debug|Any CPU
		{10CDC5C1-CCDE-4FB4-9B3B-7FF9856E3732}.Debug|Any CPU.Build.0 = Debug|Any CPU
		{10CDC5C1-CCDE-4FB4-9B3B-7FF9856E3732}.Release|Any CPU.ActiveCfg = Release|Any CPU
		{10CDC5C1-CCDE-4FB4-9B3B-7FF9856E3732}.Release|Any CPU.Build.0 = Release|Any CPU
	EndGlobalSection
	GlobalSection(SolutionProperties) = preSolution
		HideSolutionNode = FALSE
	EndGlobalSection
EndGlobal
